{
  "name": "luau-fuckery",
  "lockfileVersion": 3,
  "requires": true,
  "packages": {
    "": {
      "devDependencies": {
        "@isentinel/jest-roblox": "^0.4.0",
        "jiti": "^2.7.0"
      }
    },
    "node_modules/@ark/schema": {
      "version": "0.56.2",
      "resolved": "https://registry.npmjs.org/@ark/schema/-/schema-0.56.2.tgz",
      "integrity": "sha512-Qx4D2JFbBWpntiHZaTv7bGG4H/M2rigiknezKg/WVyDSaLdE4YCcWAOoFB7pjjDqHbbV2OqRfntm1nnXvwMexg==",
      "dev": true,
      "license": "MIT",
      "dependencies": {
        "@ark/util": "0.56.2"
      }
    },
    "node_modules/@ark/util": {
      "version": "0.56.2",
      "resolved": "https://registry.npmjs.org/@ark/util/-/util-0.56.2.tgz",
      "integrity": "sha512-9kU2sUE38FZEGG7l3hamYMBieLYEJh2L1mrYD2eXpT+78EnQSV1bhjxJhnxGBMSTbtwpBSDNSK+K60WvaI/DTQ==",
      "dev": true,
      "license": "MIT"
    },
    "node_modules/@bedrock-rbx/ocale": {
      "version": "0.3.0",
      "resolved": "https://registry.npmjs.org/@bedrock-rbx/ocale/-/ocale-0.3.0.tgz",
      "integrity": "sha512-J9NRLDs8lskcFVn9LhQs7Alpg+AT953YJSigLlACkStw7rzueSQ+choZ7GH7nyHE9UnCzOL/+InqY7PABDws/A==",
      "dev": true,
      "license": "MIT",
      "engines": {
        "bun": ">=1.3.0",
        "node": ">=24.12.0"
      }
    },
    "node_modules/@isentinel/jest-roblox": {
      "version": "0.4.0",
      "resolved": "https://registry.npmjs.org/@isentinel/jest-roblox/-/jest-roblox-0.4.0.tgz",
      "integrity": "sha512-uQ26j+UCknsEgpLIx7eVlM20iIaDXKlVUhz2zqcctLiBR6jjNw/kD06LfVSrtE97XwzR1MK9L7WFZjOCwwgbqQ==",
      "dev": true,
      "license": "MIT",
      "dependencies": {
        "@bedrock-rbx/ocale": "0.3.0",
        "@jridgewell/trace-mapping": "0.3.31",
        "arktype": "2.2.3",
        "c12": "4.0.0-beta.5",
        "confbox": "0.2.4",
        "defu": "6.1.7",
        "get-tsconfig": "4.14.3",
        "highlight.js": "11.11.1",
        "istanbul-lib-coverage": "3.2.2",
        "istanbul-lib-report": "3.0.1",
        "istanbul-reports": "3.2.0",
        "oxc-parser": "0.146.0",
        "picomatch": "4.0.5",
        "std-env": "4.1.0",
        "tinyrainbow": "3.1.1",
        "ws": "8.21.3"
      },
      "bin": {
        "jest-roblox": "bin/jest-roblox.js"
      },
      "engines": {
        "node": ">=24.12.0"
      },
      "peerDependencies": {
        "@typescript/native-preview": ">=7.0.0-0"
      },
      "peerDependenciesMeta": {
        "@typescript/native-preview": {
          "optional": true
        }
      }
    },
    "node_modules/@jridgewell/resolve-uri": {
      "version": "3.1.2",
      "resolved": "https://registry.npmjs.org/@jridgewell/resolve-uri/-/resolve-uri-3.1.2.tgz",
      "integrity": "sha512-bRISgCIjP20/tbWSPWMEi54QVPRZExkuD9lJL+UIxUKtwVJA8wW1Trb1jMs1RFXo1CBTNZ/5hpC9QvmKWdopKw==",
      "dev": true,
      "license": "MIT",
      "engines": {
        "node": ">=6.0.0"
      }
    },
    "node_modules/@jridgewell/sourcemap-codec": {
      "version": "1.6.0",
      "resolved": "https://registry.npmjs.org/@jridgewell/sourcemap-codec/-/sourcemap-codec-1.6.0.tgz",
      "integrity": "sha512-T7jf+5zgsZHwNJ4lvQ7/aezbyk0nNX+zJVWpmHA7VYsEx7a7qr5Rg5IbtJFqkgze5Y2sruq1RUY8Q837Od7iFw==",
      "dev": true,
      "license": "MIT"
    },
    "node_modules/@jridgewell/trace-mapping": {
      "version": "0.3.31",
      "resolved": "https://registry.npmjs.org/@jridgewell/trace-mapping/-/trace-mapping-0.3.31.tgz",
      "integrity": "sha512-zzNR+SdQSDJzc8joaeP8QQoCQr8NuYx2dIIytl1QeBEZHJ9uW6hebsrYgbz8hJwUQao3TWCMtmfV8Nu1twOLAw==",
      "dev": true,
      "license": "MIT",
      "dependencies": {
        "@jridgewell/resolve-uri": "^3.1.0",
        "@jridgewell/sourcemap-codec": "^1.4.14"
      }
    },
    "node_modules/@oxc-parser/binding-android-arm-eabi": {
      "version": "0.146.0",
      "resolved": "https://registry.npmjs.org/@oxc-parser/binding-android-arm-eabi/-/binding-android-arm-eabi-0.146.0.tgz",
      "integrity": "sha512-jBCZIsff/9J/zdK1KSKZREScXOtRE4wYO+MUjrE+5NHGdsslrP4biJA9QJyKwErwS8lkwxH6Z537HaL4CQr0ow==",
      "cpu": [
        "arm"
      ],
      "dev": true,
      "license": "MIT",
      "optional": true,
      "os": [
        "android"
      ],
      "engines": {
        "node": "^20.19.0 || >=22.12.0"
      }
    },
    "node_modules/@oxc-parser/binding-android-arm64": {
      "version": "0.146.0",
      "resolved": "https://registry.npmjs.org/@oxc-parser/binding-android-arm64/-/binding-android-arm64-0.146.0.tgz",
      "integrity": "sha512-BVwj6sVmgD9j5F+R5B+13pYQKOCmew+3myS19wcG5e+AeZu5ybBLEfcaKueC8MhvjtwL2Suh2tQE/Ywop2Z8rA==",
      "cpu": [
        "arm64"
      ],
      "dev": true,
      "license": "MIT",
      "optional": true,
      "os": [
        "android"
      ],
      "engines": {
        "node": "^20.19.0 || >=22.12.0"
      }
    },
    "node_modules/@oxc-parser/binding-darwin-arm64": {
      "version": "0.146.0",
      "resolved": "https://registry.npmjs.org/@oxc-parser/binding-darwin-arm64/-/binding-darwin-arm64-0.146.0.tgz",
      "integrity": "sha512-jQGIM4zEEvvuypbBcoeoWuigRfP6R8Ow/9gfDzVoYkv5mFyVPbIePNQnV752jUynfty0nDxarIpML+7Q/MyMPg==",
      "cpu": [
        "arm64"
      ],
      "dev": true,
      "license": "MIT",
      "optional": true,
      "os": [
        "darwin"
      ],
      "engines": {
        "node": "^20.19.0 || >=22.12.0"
      }
    },
    "node_modules/@oxc-parser/binding-darwin-x64": {
      "version": "0.146.0",
      "resolved": "https://registry.npmjs.org/@oxc-parser/binding-darwin-x64/-/binding-darwin-x64-0.146.0.tgz",
      "integrity": "sha512-quDy3cvW1712l6W+qe1/xWRym6STOuGJmFzRIg5StXVJglsbqrCpHfw9PyqPs0hQeOAjAEO1USrjPaIvHiRKQw==",
      "cpu": [
        "x64"
      ],
      "dev": true,
      "license": "MIT",
      "optional": true,
      "os": [
        "darwin"
      ],
      "engines": {
        "node": "^20.19.0 || >=22.12.0"
      }
    },
    "node_modules/@oxc-parser/binding-freebsd-x64": {
      "version": "0.146.0",
      "resolved": "https://registry.npmjs.org/@oxc-parser/binding-freebsd-x64/-/binding-freebsd-x64-0.146.0.tgz",
      "integrity": "sha512-wx/p/9phlX4VbYk671G4WewST3pysXNQfZRx4gx69QIz0/uW2O3MCnnEQh4il6l2lYr0EDAq3kFYovIw68CXHw==",
      "cpu": [
        "x64"
      ],
      "dev": true,
      "license": "MIT",
      "optional": true,
      "os": [
        "freebsd"
      ],
      "engines": {
        "node": "^20.19.0 || >=22.12.0"
      }
    },
    "node_modules/@oxc-parser/binding-linux-arm-gnueabihf": {
      "version": "0.146.0",
      "resolved": "https://registry.npmjs.org/@oxc-parser/binding-linux-arm-gnueabihf/-/binding-linux-arm-gnueabihf-0.146.0.tgz",
      "integrity": "sha512-W9nzfbWH8Z6cIaBj6Rh/eVgymFkZ2MaOV0rQruKTLYKLAZADo9JlOmBml6Dq2QbChtmuc3DKDL42KDHaQFX8yQ==",
      "cpu": [
        "arm"
      ],
      "dev": true,
      "license": "MIT",
      "optional": true,
      "os": [
        "linux"
      ],
      "engines": {
        "node": "^20.19.0 || >=22.12.0"
      }
    },
    "node_modules/@oxc-parser/binding-linux-arm-musleabihf": {
      "version": "0.146.0",
      "resolved": "https://registry.npmjs.org/@oxc-parser/binding-linux-arm-musleabihf/-/binding-linux-arm-musleabihf-0.146.0.tgz",
      "integrity": "sha512-S5X1mEvTLBTl+xt7bRlr1n6qI+OTy1EaRkYyd4EQgEZqV7i53fQa1I72OqR0IwSQKVwh6TZPkzDcsN7fS9MynQ==",
      "cpu": [
        "arm"
      ],
      "dev": true,
      "license": "MIT",
      "optional": true,
      "os": [
        "linux"
      ],
      "engines": {
        "node": "^20.19.0 || >=22.12.0"
      }
    },
    "node_modules/@oxc-parser/binding-linux-arm64-gnu": {
      "version": "0.146.0",
      "resolved": "https://registry.npmjs.org/@oxc-parser/binding-linux-arm64-gnu/-/binding-linux-arm64-gnu-0.146.0.tgz",
      "integrity": "sha512-Br9UB4nnecVfj/Vp+JiJnJo2wIJtwaOm+uN7MwWKF5cx10P816urucmksG/iG2OeL7hfZ4h5fCmePrLU6TocfQ==",
      "cpu": [
        "arm64"
      ],
      "dev": true,
      "license": "MIT",
      "optional": true,
      "os": [
        "linux"
      ],
      "engines": {
        "node": "^20.19.0 || >=22.12.0"
      }
    },
    "node_modules/@oxc-parser/binding-linux-arm64-musl": {
      "version": "0.146.0",
      "resolved": "https://registry.npmjs.org/@oxc-parser/binding-linux-arm64-musl/-/binding-linux-arm64-musl-0.146.0.tgz",
      "integrity": "sha512-5AP+od9VGhRyCwswTfuD0jSDfIcWptEBC+K0LWmXsUJ9BPVF3KbhsjeoV+9tijX6g5is0w4H8DUV7NkOJoOVVA==",
      "cpu": [
        "arm64"
      ],
      "dev": true,
      "license": "MIT",
      "optional": true,
      "os": [
        "linux"
      ],
      "engines": {
        "node": "^20.19.0 || >=22.12.0"
      }
    },
    "node_modules/@oxc-parser/binding-linux-ppc64-gnu": {
      "version": "0.146.0",
      "resolved": "https://registry.npmjs.org/@oxc-parser/binding-linux-ppc64-gnu/-/binding-linux-ppc64-gnu-0.146.0.tgz",
      "integrity": "sha512-Qz3jc1qgvU9B9vQu3jAJcxKlGX7zYRtKs8LPYtQi8cmirhtYcX6XvXseESaDFbi1L+SorXhjRQ/2npEX85kKBw==",
      "cpu": [
        "ppc64"
      ],
      "dev": true,
      "license": "MIT",
      "optional": true,
      "os": [
        "linux"
      ],
      "engines": {
        "node": "^20.19.0 || >=22.12.0"
      }
    },
    "node_modules/@oxc-parser/binding-linux-riscv64-gnu": {
      "version": "0.146.0",
      "resolved": "https://registry.npmjs.org/@oxc-parser/binding-linux-riscv64-gnu/-/binding-linux-riscv64-gnu-0.146.0.tgz",
      "integrity": "sha512-Mfmg18lOZ1IWJJJuHi1ZsMLunqNVeLEh3Byuw+Aa8dYo7qOrZOMZQz1gFgAeNga5/Z5jjRuIKuIdo9aO7HYMdg==",
      "cpu": [
        "riscv64"
      ],
      "dev": true,
      "license": "MIT",
      "optional": true,
      "os": [
        "linux"
      ],
      "engines": {
        "node": "^20.19.0 || >=22.12.0"
      }
    },
    "node_modules/@oxc-parser/binding-linux-riscv64-musl": {
      "version": "0.146.0",
      "resolved": "https://registry.npmjs.org/@oxc-parser/binding-linux-riscv64-musl/-/binding-linux-riscv64-musl-0.146.0.tgz",
      "integrity": "sha512-6OdXwYnzbwYcnUH8f0LYauLNitjIcgDR/CDA/wcZ2whwJwVflGtCLF3+3HOXgs/SESnpQCWXr7Q/z9muLJ5bmQ==",
      "cpu": [
        "riscv64"
      ],
      "dev": true,
      "license": "MIT",
      "optional": true,
      "os": [
        "linux"
      ],
      "engines": {
        "node": "^20.19.0 || >=22.12.0"
      }
    },
    "node_modules/@oxc-parser/binding-linux-s390x-gnu": {
      "version": "0.146.0",
      "resolved": "https://registry.npmjs.org/@oxc-parser/binding-linux-s390x-gnu/-/binding-linux-s390x-gnu-0.146.0.tgz",
      "integrity": "sha512-BilV4Ei84A0m6r1v+LmgVrfUMbAz33IXRooVw/BQNDExUvGGNLrk6NWeot+ve99bRidTZdwWuzBHgxWCnSSa9Q==",
      "cpu": [
        "s390x"
      ],
      "dev": true,
      "license": "MIT",
      "optional": true,
      "os": [
        "linux"
      ],
      "engines": {
        "node": "^20.19.0 || >=22.12.0"
      }
    },
    "node_modules/@oxc-parser/binding-linux-x64-gnu": {
      "version": "0.146.0",
      "resolved": "https://registry.npmjs.org/@oxc-parser/binding-linux-x64-gnu/-/binding-linux-x64-gnu-0.146.0.tgz",
      "integrity": "sha512-RaMfGIpWOa87u3aD87drbPgisy7Nv6gIdjRFw6msIDKO+3FmcOTw+vpp4hVANhUIzpQta2EAsmYQRrqeprZTmQ==",
      "cpu": [
        "x64"
      ],
      "dev": true,
      "license": "MIT",
      "optional": true,
      "os": [
        "linux"
      ],
      "engines": {
        "node": "^20.19.0 || >=22.12.0"
      }
    },
    "node_modules/@oxc-parser/binding-linux-x64-musl": {
      "version": "0.146.0",
      "resolved": "https://registry.npmjs.org/@oxc-parser/binding-linux-x64-musl/-/binding-linux-x64-musl-0.146.0.tgz",
      "integrity": "sha512-0bzF60jfQRsJ9TJOIHK+wSUirenJAyWCdP9z3P6LMS0znD4Gf7WYOiv7niONVOpRnlGjzMPd4kqgOJfCDLQAQg==",
      "cpu": [
        "x64"
      ],
      "dev": true,
      "license": "MIT",
      "optional": true,
      "os": [
        "linux"
      ],
      "engines": {
        "node": "^20.19.0 || >=22.12.0"
      }
    },
    "node_modules/@oxc-parser/binding-openharmony-arm64": {
      "version": "0.146.0",
      "resolved": "https://registry.npmjs.org/@oxc-parser/binding-openharmony-arm64/-/binding-openharmony-arm64-0.146.0.tgz",
      "integrity": "sha512-O1gxUFt5FUgyFVUQK2BhZNwv7jLsqLR8uBANOhpYE5D5q+eCvcry7RvQT3DgKpWP1XRYB5UsbQGHHcwchEKb+w==",
      "cpu": [
        "arm64"
      ],
      "dev": true,
      "license": "MIT",
      "optional": true,
      "os": [
        "openharmony"
      ],
      "engines": {
        "node": "^20.19.0 || >=22.12.0"
      }
    },
    "node_modules/@oxc-parser/binding-win32-arm64-msvc": {
      "version": "0.146.0",
      "resolved": "https://registry.npmjs.org/@oxc-parser/binding-win32-arm64-msvc/-/binding-win32-arm64-msvc-0.146.0.tgz",
      "integrity": "sha512-i46zYS0TTCt+oaXaDx4mKxuXo+h8OBWI12XFatRm5I9/l2WKhp4TQ6VAjw0r1NMRiQQZ9dwQlRyQNhyTkOaINg==",
      "cpu": [
        "arm64"
      ],
      "dev": true,
      "license": "MIT",
      "optional": true,
      "os": [
        "win32"
      ],
      "engines": {
        "node": "^20.19.0 || >=22.12.0"
      }
    },
    "node_modules/@oxc-parser/binding-win32-ia32-msvc": {
      "version": "0.146.0",
      "resolved": "https://registry.npmjs.org/@oxc-parser/binding-win32-ia32-msvc/-/binding-win32-ia32-msvc-0.146.0.tgz",
      "integrity": "sha512-v1bb+ma2oKXwh4NHAg2NQwe9ORXFBDSCEkuO1qC4Rzm8EXcQdNhiJHpTNfulZ2P+1QpYUB6QYupW4mgMVom/tA==",
      "cpu": [
        "ia32"
      ],
      "dev": true,
      "license": "MIT",
      "optional": true,
      "os": [
        "win32"
      ],
      "engines": {
        "node": "^20.19.0 || >=22.12.0"
      }
    },
    "node_modules/@oxc-parser/binding-win32-x64-msvc": {
      "version": "0.146.0",
      "resolved": "https://registry.npmjs.org/@oxc-parser/binding-win32-x64-msvc/-/binding-win32-x64-msvc-0.146.0.tgz",
      "integrity": "sha512-uT8N1/qdNSGonvW1O2kZYNczqb/VYfnj5dpUy1FmedOPodj3MNFNWhAJkMZlI5u8xuTRtrpTccnr0U5HAMVRjQ==",
      "cpu": [
        "x64"
      ],
      "dev": true,
      "license": "MIT",
      "optional": true,
      "os": [
        "win32"
      ],
      "engines": {
        "node": "^20.19.0 || >=22.12.0"
      }
    },
    "node_modules/@oxc-project/types": {
      "version": "0.146.0",
      "resolved": "https://registry.npmjs.org/@oxc-project/types/-/types-0.146.0.tgz",
      "integrity": "sha512-XC0QsnnhVe7sLIWmYmdPw7x5P0h4W8vUU3Nv1ySgWXtvCz8NizoAEpGXA0sOYoJQV2Rl13LgURAHQ5cI5ILCSA==",
      "dev": true,
      "license": "MIT",
      "funding": {
        "url": "https://github.com/sponsors/Boshen"
      }
    },
    "node_modules/arkregex": {
      "version": "0.0.8",
      "resolved": "https://registry.npmjs.org/arkregex/-/arkregex-0.0.8.tgz",
      "integrity": "sha512-PJcx6G1kQTgLKPUbeYlYecDRaKq15AMSGVajlKFYWlPeJRQL+j3dKE6tyMs40HZ99djS1l9Vhl3ezAHy9JBIqQ==",
      "dev": true,
      "license": "MIT",
      "dependencies": {
        "@ark/util": "0.56.2"
      }
    },
    "node_modules/arktype": {
      "version": "2.2.3",
      "resolved": "https://registry.npmjs.org/arktype/-/arktype-2.2.3.tgz",
      "integrity": "sha512-7W+0RLTUNJiBFIIZXwOQxSR8Z273IAd6IvqBeG9+gHnQKFsIx2C0iOtGTmMrPnlX4qLXyc5+ll7A0BIj9WrbTg==",
      "dev": true,
      "license": "MIT",
      "dependencies": {
        "@ark/schema": "0.56.2",
        "@ark/util": "0.56.2",
        "arkregex": "0.0.8"
      }
    },
    "node_modules/c12": {
      "version": "4.0.0-beta.5",
      "resolved": "https://registry.npmjs.org/c12/-/c12-4.0.0-beta.5.tgz",
      "integrity": "sha512-yWGCPCQGJeFq4R0mFg5HOhC3Rg+B0PCdM+ldXWUhughoGgeeq8/tjRmXh4/lmhKWyhf+KOFxB/JMXf0Yv1Fd5A==",
      "dev": true,
      "license": "MIT",
      "dependencies": {
        "confbox": "^0.2.4",
        "defu": "^6.1.7",
        "exsolve": "^1.0.8",
        "pathe": "^2.0.3",
        "pkg-types": "^2.3.1",
        "rc9": "^3.0.1"
      },
      "peerDependencies": {
        "chokidar": "^5",
        "dotenv": "*",
        "giget": "*",
        "jiti": "*",
        "magicast": "*"
      },
      "peerDependenciesMeta": {
        "chokidar": {
          "optional": true
        },
        "dotenv": {
          "optional": true
        },
        "giget": {
          "optional": true
        },
        "jiti": {
          "optional": true
        },
        "magicast": {
          "optional": true
        }
      }
    },
    "node_modules/confbox": {
      "version": "0.2.4",
      "resolved": "https://registry.npmjs.org/confbox/-/confbox-0.2.4.tgz",
      "integrity": "sha512-ysOGlgTFbN2/Y6Cg3Iye8YKulHw+R2fNXHrgSmXISQdMnomY6eNDprVdW9R5xBguEqI954+S6709UyiO7B+6OQ==",
      "dev": true,
      "license": "MIT"
    },
    "node_modules/defu": {
      "version": "6.1.7",
      "resolved": "https://registry.npmjs.org/defu/-/defu-6.1.7.tgz",
      "integrity": "sha512-7z22QmUWiQ/2d0KkdYmANbRUVABpZ9SNYyH5vx6PZ+nE5bcC0l7uFvEfHlyld/HcGBFTL536ClDt3DEcSlEJAQ==",
      "dev": true,
      "license": "MIT"
    },
    "node_modules/destr": {
      "version": "2.0.5",
      "resolved": "https://registry.npmjs.org/destr/-/destr-2.0.5.tgz",
      "integrity": "sha512-ugFTXCtDZunbzasqBxrK93Ik/DRYsO6S/fedkWEMKqt04xZ4csmnmwGDBAb07QWNaGMAmnTIemsYZCksjATwsA==",
      "dev": true,
      "license": "MIT"
    },
    "node_modules/exsolve": {
      "version": "1.1.1",
      "resolved": "https://registry.npmjs.org/exsolve/-/exsolve-1.1.1.tgz",
      "integrity": "sha512-9U/jZUgjnSGyntRr6y5Muu1MJcwFl6kPu7k8qLF0IMNfLqvw0NZ4nnVDq0RVoZ0RvCyumib4Ez3KYrVfilrw+g==",
      "dev": true,
      "license": "MIT"
    },
    "node_modules/get-tsconfig": {
      "version": "4.14.3",
      "resolved": "https://registry.npmjs.org/get-tsconfig/-/get-tsconfig-4.14.3.tgz",
      "integrity": "sha512-++QEw4DIY7WGoukz+/+A/8dGYPT9l9yIadnmSgZ8Rjr3YVSVDipQSO9CdnJo9ePqFqUUqh+wk9uIaoiAwsiPkA==",
      "dev": true,
      "license": "MIT",
      "dependencies": {
        "resolve-pkg-maps": "^1.0.0"
      },
      "funding": {
        "url": "https://github.com/privatenumber/get-tsconfig?sponsor=1"
      }
    },
    "node_modules/has-flag": {
      "version": "4.0.0",
      "resolved": "https://registry.npmjs.org/has-flag/-/has-flag-4.0.0.tgz",
      "integrity": "sha512-EykJT/Q1KjTWctppgIAgfSO0tKVuZUjhgMr17kqTumMl6Afv3EISleU7qZUzoXDFTAHTDC4NOoG/ZxU3EvlMPQ==",
      "dev": true,
      "license": "MIT",
      "engines": {
        "node": ">=8"
      }
    },
    "node_modules/highlight.js": {
      "version": "11.11.1",
      "resolved": "https://registry.npmjs.org/highlight.js/-/highlight.js-11.11.1.tgz",
      "integrity": "sha512-Xwwo44whKBVCYoliBQwaPvtd/2tYFkRQtXDWj1nackaV2JPXx3L0+Jvd8/qCJ2p+ML0/XVkJ2q+Mr+UVdpJK5w==",
      "dev": true,
      "license": "BSD-3-Clause",
      "engines": {
        "node": ">=12.0.0"
      }
    },
    "node_modules/html-escaper": {
      "version": "2.0.2",
      "resolved": "https://registry.npmjs.org/html-escaper/-/html-escaper-2.0.2.tgz",
      "integrity": "sha512-H2iMtd0I4Mt5eYiapRdIDjp+XzelXQ0tFE4JS7YFwFevXXMmOp9myNrUvCg0D6ws8iqkRPBfKHgbwig1SmlLfg==",
      "dev": true,
      "license": "MIT"
    },
    "node_modules/istanbul-lib-coverage": {
      "version": "3.2.2",
      "resolved": "https://registry.npmjs.org/istanbul-lib-coverage/-/istanbul-lib-coverage-3.2.2.tgz",
      "integrity": "sha512-O8dpsF+r0WV/8MNRKfnmrtCWhuKjxrq2w+jpzBL5UZKTi2LeVWnWOmWRxFlesJONmc+wLAGvKQZEOanko0LFTg==",
      "dev": true,
      "license": "BSD-3-Clause",
      "engines": {
        "node": ">=8"
      }
    },
    "node_modules/istanbul-lib-report": {
      "version": "3.0.1",
      "resolved": "https://registry.npmjs.org/istanbul-lib-report/-/istanbul-lib-report-3.0.1.tgz",
      "integrity": "sha512-GCfE1mtsHGOELCU8e/Z7YWzpmybrx/+dSTfLrvY8qRmaY6zXTKWn6WQIjaAFw069icm6GVMNkgu0NzI4iPZUNw==",
      "dev": true,
      "license": "BSD-3-Clause",
      "dependencies": {
        "istanbul-lib-coverage": "^3.0.0",
        "make-dir": "^4.0.0",
        "supports-color": "^7.1.0"
      },
      "engines": {
        "node": ">=10"
      }
    },
    "node_modules/istanbul-reports": {
      "version": "3.2.0",
      "resolved": "https://registry.npmjs.org/istanbul-reports/-/istanbul-reports-3.2.0.tgz",
      "integrity": "sha512-HGYWWS/ehqTV3xN10i23tkPkpH46MLCIMFNCaaKNavAXTF1RkqxawEPtnjnGZ6XKSInBKkiOA5BKS+aZiY3AvA==",
      "dev": true,
      "license": "BSD-3-Clause",
      "dependencies": {
        "html-escaper": "^2.0.0",
        "istanbul-lib-report": "^3.0.0"
      },
      "engines": {
        "node": ">=8"
      }
    },
    "node_modules/jiti": {
      "version": "2.7.0",
      "resolved": "https://registry.npmjs.org/jiti/-/jiti-2.7.0.tgz",
      "integrity": "sha512-AC/7JofJvZGrrneWNaEnJeOLUx+JlGt7tNa0wZiRPT4MY1wmfKjt2+6O2p2uz2+skll8OZZmJMNqeke7kKbNgQ==",
      "dev": true,
      "license": "MIT",
      "bin": {
        "jiti": "lib/jiti-cli.mjs"
      }
    },
    "node_modules/make-dir": {
      "version": "4.0.0",
      "resolved": "https://registry.npmjs.org/make-dir/-/make-dir-4.0.0.tgz",
      "integrity": "sha512-hXdUTZYIVOt1Ex//jAQi+wTZZpUpwBj/0QsOzqegb3rGMMeJiSEu5xLHnYfBrRV4RH2+OCSOO95Is/7x1WJ4bw==",
      "dev": true,
      "license": "MIT",
      "dependencies": {
        "semver": "^7.5.3"
      },
      "engines": {
        "node": ">=10"
      },
      "funding": {
        "url": "https://github.com/sponsors/sindresorhus"
      }
    },
    "node_modules/oxc-parser": {
      "version": "0.146.0",
      "resolved": "https://registry.npmjs.org/oxc-parser/-/oxc-parser-0.146.0.tgz",
      "integrity": "sha512-hrt0Ou2mCL8dLuvfvKWFjRlWaJKt0Xs7CfacAgb9mha0gKW1lSisUzNRyALgItMPIfThxkl8jH2ONP6ZbQXpaA==",
      "dev": true,
      "license": "MIT",
      "dependencies": {
        "@oxc-project/types": "^0.146.0"
      },
      "engines": {
        "node": "^20.19.0 || >=22.12.0"
      },
      "funding": {
        "url": "https://github.com/sponsors/Boshen"
      },
      "optionalDependencies": {
        "@oxc-parser/binding-android-arm-eabi": "0.146.0",
        "@oxc-parser/binding-android-arm64": "0.146.0",
        "@oxc-parser/binding-darwin-arm64": "0.146.0",
        "@oxc-parser/binding-darwin-x64": "0.146.0",
        "@oxc-parser/binding-freebsd-x64": "0.146.0",
        "@oxc-parser/binding-linux-arm-gnueabihf": "0.146.0",
        "@oxc-parser/binding-linux-arm-musleabihf": "0.146.0",
        "@oxc-parser/binding-linux-arm64-gnu": "0.146.0",
        "@oxc-parser/binding-linux-arm64-musl": "0.146.0",
        "@oxc-parser/binding-linux-ppc64-gnu": "0.146.0",
        "@oxc-parser/binding-linux-riscv64-gnu": "0.146.0",
        "@oxc-parser/binding-linux-riscv64-musl": "0.146.0",
        "@oxc-parser/binding-linux-s390x-gnu": "0.146.0",
        "@oxc-parser/binding-linux-x64-gnu": "0.146.0",
        "@oxc-parser/binding-linux-x64-musl": "0.146.0",
        "@oxc-parser/binding-openharmony-arm64": "0.146.0",
        "@oxc-parser/binding-win32-arm64-msvc": "0.146.0",
        "@oxc-parser/binding-win32-ia32-msvc": "0.146.0",
        "@oxc-parser/binding-win32-x64-msvc": "0.146.0"
      }
    },
    "node_modules/pathe": {
      "version": "2.0.3",
      "resolved": "https://registry.npmjs.org/pathe/-/pathe-2.0.3.tgz",
      "integrity": "sha512-WUjGcAqP1gQacoQe+OBJsFA7Ld4DyXuUIjZ5cc75cLHvJ7dtNsTugphxIADwspS+AraAUePCKrSVtPLFj/F88w==",
      "dev": true,
      "license": "MIT"
    },
    "node_modules/picomatch": {
      "version": "4.0.5",
      "resolved": "https://registry.npmjs.org/picomatch/-/picomatch-4.0.5.tgz",
      "integrity": "sha512-RvwwcruNjI1ncT5xRakeyS9Lf8lcItv34KD+aif+VH9kduAyfYBipGh12274xtenIPZ119/R9BdTBa8gAwSh0A==",
      "dev": true,
      "license": "MIT",
      "engines": {
        "node": ">=12"
      },
      "funding": {
        "url": "https://github.com/sponsors/jonschlinkert"
      }
    },
    "node_modules/pkg-types": {
      "version": "2.3.3",
      "resolved": "https://registry.npmjs.org/pkg-types/-/pkg-types-2.3.3.tgz",
      "integrity": "sha512-j/lCFdcppV0JxWpCEITdbDltBxPP6cHT+yNJ6Go2OgoSA9518X847X9z0p6LtA4Nc16+eQzCZjRrWanTGvHJ5w==",
      "dev": true,
      "license": "MIT",
      "dependencies": {
        "confbox": "^0.3.1",
        "exsolve": "^1.1.1",
        "pathe": "^2.0.3"
      }
    },
    "node_modules/pkg-types/node_modules/confbox": {
      "version": "0.3.1",
      "resolved": "https://registry.npmjs.org/confbox/-/confbox-0.3.1.tgz",
      "integrity": "sha512-cKUSoKa8YxFZZSmraVi7onONx3amu77ngK3kGpsYHDH7drPwCRkQE1RYMPlLRrMtnciRj274XNRxcHxnKmDSnA==",
      "dev": true,
      "license": "MIT"
    },
    "node_modules/rc9": {
      "version": "3.1.0",
      "resolved": "https://registry.npmjs.org/rc9/-/rc9-3.1.0.tgz",
      "integrity": "sha512-ufjkNVzbRHKcCOmTahZkmVsyc3W+MSk3jY03m+a7tGHkIsdVMG9l10/3HvFbWkkKzY5VFp3pkRsIo/UYgmFL7Q==",
      "dev": true,
      "license": "MIT",
      "dependencies": {
        "defu": "^6.1.7",
        "destr": "^2.0.5"
      }
    },
    "node_modules/resolve-pkg-maps": {
      "version": "1.0.0",
      "resolved": "https://registry.npmjs.org/resolve-pkg-maps/-/resolve-pkg-maps-1.0.0.tgz",
      "integrity": "sha512-seS2Tj26TBVOC2NIc2rOe2y2ZO7efxITtLZcGSOnHHNOQ7CkiUBfw0Iw2ck6xkIhPwLhKNLS8BO+hEpngQlqzw==",
      "dev": true,
      "license": "MIT",
      "funding": {
        "url": "https://github.com/privatenumber/resolve-pkg-maps?sponsor=1"
      }
    },
    "node_modules/semver": {
      "version": "7.8.5",
      "resolved": "https://registry.npmjs.org/semver/-/semver-7.8.5.tgz",
      "integrity": "sha512-Y7/KDsb8LjooZpwaqGyulO6DQlksgCncchHGk+sZIY4SBvUocMBEFH5Ur1fI4dV+Jvl0w6cjvucaIi40puRioA==",
      "dev": true,
      "license": "ISC",
      "bin": {
        "semver": "bin/semver.js"
      },
      "engines": {
        "node": ">=10"
      }
    },
    "node_modules/std-env": {
      "version": "4.1.0",
      "resolved": "https://registry.npmjs.org/std-env/-/std-env-4.1.0.tgz",
      "integrity": "sha512-Rq7ybcX2RuC55r9oaPVEW7/xu3tj8u4GeBYHBWCychFtzMIr86A7e3PPEBPT37sHStKX3+TiX/Fr/ACmJLVlLQ==",
      "dev": true,
      "license": "MIT"
    },
    "node_modules/supports-color": {
      "version": "7.2.0",
      "resolved": "https://registry.npmjs.org/supports-color/-/supports-color-7.2.0.tgz",
      "integrity": "sha512-qpCAvRl9stuOHveKsn7HncJRvv501qIacKzQlO/+Lwxc9+0q2wLyv4Dfvt80/DPn2pqOBsJdDiogXGR9+OvwRw==",
      "dev": true,
      "license": "MIT",
      "dependencies": {
        "has-flag": "^4.0.0"
      },
      "engines": {
        "node": ">=8"
      }
    },
    "node_modules/tinyrainbow": {
      "version": "3.1.1",
      "resolved": "https://registry.npmjs.org/tinyrainbow/-/tinyrainbow-3.1.1.tgz",
      "integrity": "sha512-yau8yJdTt989Mm0Bd/236QnzEiPf2xLLTqUZRUJOo/3CB078LSwzei343DgtJVmfJKJE3TMINY1u42SQsP6mXw==",
      "dev": true,
      "license": "MIT",
      "engines": {
        "node": ">=14.0.0"
      }
    },
    "node_modules/ws": {
      "version": "8.21.3",
      "resolved": "https://registry.npmjs.org/ws/-/ws-8.21.3.tgz",
      "integrity": "sha512-201TZ/kPWxoPr/OKWjquZR1SWKXcvxdH+e1xrx89b3YbmzLMFCLfnaG1HFIgWzJOEWZ7MvpK++odZufgYR50Rw==",
      "dev": true,
      "license": "MIT",
      "engines": {
        "node": ">=10.0.0"
      },
      "peerDependencies": {
        "bufferutil": "^4.0.1",
        "utf-8-validate": ">=5.0.2"
      },
      "peerDependenciesMeta": {
        "bufferutil": {
          "optional": true
        },
        "utf-8-validate": {
          "optional": true
        }
      }
    }
  }
}
